
Microsoft Visual Studio Solution File, Format Version 12.00
# Visual Studio Version 17
VisualStudioVersion = 17.8.34525.116
MinimumVisualStudioVersion = 10.0.40219.1
Project("{FAE04EC0-301F-11D3-BF4B-00C04F79EFBC}") = "InterfaceClassExplain", "InterfaceClassExplain.csproj", "{AEC0AA32-5756-48D5-A0B0-C20F9918ACB5}"
EndProject
Global
	GlobalSection(SolutionConfigurationPlatforms) = preSolution
		Debug|Any CPU = Debug|Any CPU
		Release|Any CPU = Release|Any CPU
	EndGlobalSection
	GlobalSection(ProjectConfigurationPlatforms) = postSolution
		{AEC0AA32-5756-48D5-A0B0-C20F9918ACB5}.Debug|Any CPU.ActiveCfg = Debug|Any CPU
		{AEC0AA32-5756-48D5-A0B0-C20F9918ACB5}.Debug|Any CPU.Build.0 = Debug|Any CPU
		{AEC0AA32-5756-48D5-A0B0-C20F9918ACB5}.Release|Any CPU.ActiveCfg = Release|Any CPU
		{AEC0AA32-5756-48D5-A0B0-C20F9918ACB5}.Release|Any CPU.Build.0 = Release|Any CPU
	EndGlobalSection
	GlobalSection(SolutionProperties) = preSolution
		HideSolutionNode = FALSE
	EndGlobalSection
	GlobalSection(ExtensibilityGlobals) = postSolution
		SolutionGuid = {0EBC8AE2-A5F2-46E3-9D88-EEFA735B2E50}
	EndGlobalSection
EndGlobal
