
Microsoft Visual Studio Solution File, Format Version 12.00
# Visual Studio Version 17
VisualStudioVersion = 17.8.34525.116
MinimumVisualStudioVersion = 10.0.40219.1
Project("{FAE04EC0-301F-11D3-BF4B-00C04F79EFBC}") = "BuilderDesignPattern", "BuilderDesignPattern.csproj", "{4FB4A46C-716A-4E90-874B-E914A8EC3485}"
EndProject
Global
	GlobalSection(SolutionConfigurationPlatforms) = preSolution
		Debug|Any CPU = Debug|Any CPU
		Release|Any CPU = Release|Any CPU
	EndGlobalSection
	GlobalSection(ProjectConfigurationPlatforms) = postSolution
		{4FB4A46C-716A-4E90-874B-E914A8EC3485}.Debug|Any CPU.ActiveCfg = Debug|Any CPU
		{4FB4A46C-716A-4E90-874B-E914A8EC3485}.Debug|Any CPU.Build.0 = Debug|Any CPU
		{4FB4A46C-716A-4E90-874B-E914A8EC3485}.Release|Any CPU.ActiveCfg = Release|Any CPU
		{4FB4A46C-716A-4E90-874B-E914A8EC3485}.Release|Any CPU.Build.0 = Release|Any CPU
	EndGlobalSection
	GlobalSection(SolutionProperties) = preSolution
		HideSolutionNode = FALSE
	EndGlobalSection
	GlobalSection(ExtensibilityGlobals) = postSolution
		SolutionGuid = {0FBFB853-1F5D-4F52-BBAB-D66C8AD85F6E}
	EndGlobalSection
EndGlobal
